<?xml version="1.0" encoding="UTF-8"?>
<CONFIG>
  <ProjectOptions>
    <Version Value="10"/>
    <General>
      <SessionStorage Value="InProjectDir"/>
      <MainUnit Value="0"/>
      <Title Value="WallpaperChanger"/>
      <ResourceType Value="res"/>
      <UseXPManifest Value="True"/>
      <Icon Value="0"/>
    </General>
    <i18n>
      <EnableI18N LFM="False"/>
    </i18n>
    <BuildModes Count="1">
      <Item1 Name="Default" Default="True"/>
    </BuildModes>
    <PublishOptions>
      <Version Value="2"/>
    </PublishOptions>
    <RunParams>
      <local>
        <FormatVersion Value="1"/>
      </local>
    </RunParams>
    <RequiredPackages Count="2">
      <Item1>
        <PackageName Value="SynEdit"/>
      </Item1>
      <Item2>
        <PackageName Value="LCL"/>
      </Item2>
    </RequiredPackages>
    <Units Count="66">
      <Unit0>
        <Filename Value="WallpaperChanger.lpr"/>
        <IsPartOfProject Value="True"/>
      </Unit0>
      <Unit1>
        <Filename Value="forms/mainform.pas"/>
        <IsPartOfProject Value="True"/>
        <ComponentName Value="BannerForm"/>
        <HasResources Value="True"/>
        <ResourceBaseClass Value="Form"/>
        <UnitName Value="MainForm"/>
      </Unit1>
      <Unit2>
        <Filename Value="common/wpcexceptions.pas"/>
        <IsPartOfProject Value="True"/>
        <UnitName Value="WpcExceptions"/>
      </Unit2>
      <Unit3>
        <Filename Value="script/wpcscriptparser.pas"/>
        <IsPartOfProject Value="True"/>
        <UnitName Value="WpcScriptParser"/>
      </Unit3>
      <Unit4>
        <Filename Value="script/wpcscript.pas"/>
        <IsPartOfProject Value="True"/>
        <UnitName Value="WpcScript"/>
      </Unit4>
      <Unit5>
        <Filename Value="os/osutils.pas"/>
        <IsPartOfProject Value="True"/>
        <UnitName Value="OSUtils"/>
      </Unit5>
      <Unit6>
        <Filename Value="script/wpcscriptcommons.pas"/>
        <IsPartOfProject Value="True"/>
        <UnitName Value="WpcScriptCommons"/>
      </Unit6>
      <Unit7>
        <Filename Value="common/wpcoptions.pas"/>
        <IsPartOfProject Value="True"/>
        <UnitName Value="WpcOptions"/>
      </Unit7>
      <Unit8>
        <Filename Value="common/types/wpcwallpaperstyles.pas"/>
        <IsPartOfProject Value="True"/>
        <UnitName Value="WpcWallpaperStyles"/>
      </Unit8>
      <Unit9>
        <Filename Value="common/types/wpcdesktopenvironments.pas"/>
        <IsPartOfProject Value="True"/>
        <UnitName Value="WpcDesktopEnvironments"/>
      </Unit9>
      <Unit10>
        <Filename Value="common/types/wpcwallpaperchangeralgorithms.pas"/>
        <IsPartOfProject Value="True"/>
        <UnitName Value="WpcWallpaperChangerAlgorithms"/>
      </Unit10>
      <Unit11>
        <Filename Value="common/types/wpcimage.pas"/>
        <IsPartOfProject Value="True"/>
        <UnitName Value="WpcImage"/>
      </Unit11>
      <Unit12>
        <Filename Value="common/types/wpctimemeasurementunits.pas"/>
        <IsPartOfProject Value="True"/>
        <UnitName Value="WpcTimeMeasurementUnits"/>
      </Unit12>
      <Unit13>
        <Filename Value="os/envdetector/wpclinuxenvironmentdetector.pas"/>
        <IsPartOfProject Value="True"/>
        <UnitName Value="WpcLinuxEnvironmentDetector"/>
      </Unit13>
      <Unit14>
        <Filename Value="common/interfaces/wpcenvironmentdetector.pas"/>
        <IsPartOfProject Value="True"/>
        <UnitName Value="WpcEnvironmentDetector"/>
      </Unit14>
      <Unit15>
        <Filename Value="common/interfaces/wpcwallpapersetter.pas"/>
        <IsPartOfProject Value="True"/>
        <UnitName Value="WpcWallpaperSetter"/>
      </Unit15>
      <Unit16>
        <Filename Value="common/interfaces/wpcwallpapersetterfactory.pas"/>
        <IsPartOfProject Value="True"/>
        <UnitName Value="WpcWallpaperSetterFactory"/>
      </Unit16>
      <Unit17>
        <Filename Value="os/envdetector/wpcwindowsenvironmentdetector.pas"/>
        <IsPartOfProject Value="True"/>
        <UnitName Value="WpcWindowsEnvironmentDetector"/>
      </Unit17>
      <Unit18>
        <Filename Value="os/providers/wpcenvironmentdetectorprovider.pas"/>
        <IsPartOfProject Value="True"/>
        <UnitName Value="WpcEnvironmentDetectorProvider"/>
      </Unit18>
      <Unit19>
        <Filename Value="os/wpsetters/wpclinuxwallpapersetterfactory.pas"/>
        <IsPartOfProject Value="True"/>
        <UnitName Value="WpcLinuxWallpaperSetterFactory"/>
      </Unit19>
      <Unit20>
        <Filename Value="os/wpsetters/wpccustomwallpapersetter.pas"/>
        <IsPartOfProject Value="True"/>
        <UnitName Value="WpcCustomWallpaperSetter"/>
      </Unit20>
      <Unit21>
        <Filename Value="common/wpcapplication.pas"/>
        <IsPartOfProject Value="True"/>
        <UnitName Value="WpcApplication"/>
      </Unit21>
      <Unit22>
        <Filename Value="common/wpcapplicationmanager.pas"/>
        <IsPartOfProject Value="True"/>
        <UnitName Value="WpcApplicationManager"/>
      </Unit22>
      <Unit23>
        <Filename Value="script/statements/properties/wpcstatementproperties.pas"/>
        <IsPartOfProject Value="True"/>
        <UnitName Value="WpcStatementProperties"/>
      </Unit23>
      <Unit24>
        <Filename Value="script/statements/wpcwaitstatement.pas"/>
        <IsPartOfProject Value="True"/>
        <UnitName Value="WpcWaitStatement"/>
      </Unit24>
      <Unit25>
        <Filename Value="script/statements/wpcbasestatement.pas"/>
        <IsPartOfProject Value="True"/>
        <UnitName Value="WpcBaseStatement"/>
      </Unit25>
      <Unit26>
        <Filename Value="script/statements/wpcwallpaperstatement.pas"/>
        <IsPartOfProject Value="True"/>
        <UnitName Value="WpcWallpaperStatement"/>
      </Unit26>
      <Unit27>
        <Filename Value="script/statements/wpcstopstatement.pas"/>
        <IsPartOfProject Value="True"/>
        <UnitName Value="WpcStopStatement"/>
      </Unit27>
      <Unit28>
        <Filename Value="script/statements/wpcbranchactionsstatements.pas"/>
        <IsPartOfProject Value="True"/>
        <UnitName Value="WpcBranchActionsStatements"/>
      </Unit28>
      <Unit29>
        <Filename Value="script/statements/wpcbranchstatement.pas"/>
        <IsPartOfProject Value="True"/>
        <UnitName Value="WpcBranchStatement"/>
      </Unit29>
      <Unit30>
        <Filename Value="script/statements/wpcchooserstatements.pas"/>
        <IsPartOfProject Value="True"/>
        <UnitName Value="WpcChooserStatements"/>
      </Unit30>
      <Unit31>
        <Filename Value="script/executor/wpcscriptexecutor.pas"/>
        <IsPartOfProject Value="True"/>
        <UnitName Value="WpcScriptExecutor"/>
      </Unit31>
      <Unit32>
        <Filename Value="script/executor/wpcinthreadscriptexecutor.pas"/>
        <IsPartOfProject Value="True"/>
        <UnitName Value="WpcInThreadScriptExecutor"/>
      </Unit32>
      <Unit33>
        <Filename Value="script/statements/wpcdirectorystatement.pas"/>
        <IsPartOfProject Value="True"/>
        <UnitName Value="WpcDirectoryStatement"/>
      </Unit33>
      <Unit34>
        <Filename Value="common/types/wpcdirectory.pas"/>
        <IsPartOfProject Value="True"/>
        <UnitName Value="WpcDirectory"/>
      </Unit34>
      <Unit35>
        <Filename Value="common/wpcscriptsgenerator.pas"/>
        <IsPartOfProject Value="True"/>
        <UnitName Value="WpcScriptsGenerator"/>
      </Unit35>
      <Unit36>
        <Filename Value="scripteditor/wpcscriptsyntaxhighlighterconfigurrer.pas"/>
        <IsPartOfProject Value="True"/>
        <UnitName Value="WpcScriptSyntaxHighlighterConfigurrer"/>
      </Unit36>
      <Unit37>
        <Filename Value="scripteditor/wpcscripteditorconstantslist.pas"/>
        <IsPartOfProject Value="True"/>
        <UnitName Value="WpcScriptEditorConstantsList"/>
      </Unit37>
      <Unit38>
        <Filename Value="scripteditor/autocomplete/wpcstaticscriptautocompletion.pas"/>
        <IsPartOfProject Value="True"/>
        <UnitName Value="WpcStaticScriptAutocompletion"/>
      </Unit38>
      <Unit39>
        <Filename Value="scripteditor/autocomplete/wpcabstractscriptautocompletion.pas"/>
        <IsPartOfProject Value="True"/>
        <UnitName Value="WpcAbstractScriptAutocompletion"/>
      </Unit39>
      <Unit40>
        <Filename Value="scripteditor/autocomplete/wpcscriptautocompletion.pas"/>
        <IsPartOfProject Value="True"/>
        <UnitName Value="WpcScriptAutocompletion"/>
      </Unit40>
      <Unit41>
        <Filename Value="scripteditor/autocomplete/wpcbasicscriptautocompletion.pas"/>
        <IsPartOfProject Value="True"/>
        <UnitName Value="WpcBasicScriptAutocompletion"/>
      </Unit41>
      <Unit42>
        <Filename Value="scripteditor/autocomplete/wpcabstractdynamicscriptautocompletion.pas"/>
        <IsPartOfProject Value="True"/>
        <UnitName Value="WpcAbstractDynamicScriptAutocompletion"/>
      </Unit42>
      <Unit43>
        <Filename Value="scripteditor/autocomplete/wpcadvancedscriptautocompletion.pas"/>
        <IsPartOfProject Value="True"/>
        <UnitName Value="WpcAdvancedScriptAutocompletion"/>
      </Unit43>
      <Unit44>
        <Filename Value="scripteditor/autocomplete/wpcscriptautocompletionmanager.pas"/>
        <IsPartOfProject Value="True"/>
        <UnitName Value="WpcScriptAutocompletionManager"/>
      </Unit44>
      <Unit45>
        <Filename Value="common/interfaces/wpclogger.pas"/>
        <IsPartOfProject Value="True"/>
        <UnitName Value="WpcLogger"/>
      </Unit45>
      <Unit46>
        <Filename Value="script/executor/wpcinthreadscripttracer.pas"/>
        <IsPartOfProject Value="True"/>
        <UnitName Value="WpcInThreadScriptTracer"/>
      </Unit46>
      <Unit47>
        <Filename Value="script/executor/wpcinthreadscriptexecutorlogger.pas"/>
        <IsPartOfProject Value="True"/>
        <UnitName Value="WpcInThreadScriptExecutorLogger"/>
      </Unit47>
      <Unit48>
        <Filename Value="os/wpsetters/wpcnullwallpapersetter.pas"/>
        <IsPartOfProject Value="True"/>
        <UnitName Value="WpcNullWallpaperSetter"/>
      </Unit48>
      <Unit49>
        <Filename Value="scripteditor/wpcinthreadscriptfakeexecutiontracer.pas"/>
        <IsPartOfProject Value="True"/>
        <UnitName Value="WpcInThreadScriptFakeExecutionTracer"/>
      </Unit49>
      <Unit50>
        <Filename Value="forms/wpcoptionsform.pas"/>
        <IsPartOfProject Value="True"/>
        <ComponentName Value="OptionsForm"/>
        <HasResources Value="True"/>
        <ResourceBaseClass Value="Form"/>
        <UnitName Value="WpcOptionsForm"/>
      </Unit50>
      <Unit51>
        <Filename Value="os/wpsetters/Linux/wpcgnome3wallpapersetter.pas"/>
        <IsPartOfProject Value="True"/>
        <UnitName Value="WpcGnome3WallpaperSetter"/>
      </Unit51>
      <Unit52>
        <Filename Value="os/wpsetters/Linux/wpcabstractlinuxwallpapersetter.pas"/>
        <IsPartOfProject Value="True"/>
        <UnitName Value="WpcAbstractLinuxWallpaperSetter"/>
      </Unit52>
      <Unit53>
        <Filename Value="os/providers/wpcwallpapersetterfactoryprovider.pas"/>
        <IsPartOfProject Value="True"/>
        <UnitName Value="WpcWallpaperSetterFactoryProvider"/>
      </Unit53>
      <Unit54>
        <Filename Value="os/wpsetters/Linux/wpccinnamonwallpapersetter.pas"/>
        <IsPartOfProject Value="True"/>
        <UnitName Value="WpcCinnamonWallpaperSetter"/>
      </Unit54>
      <Unit55>
        <Filename Value="os/wpsetters/Linux/wpcmatewallpapersetter.pas"/>
        <IsPartOfProject Value="True"/>
        <UnitName Value="WpcMateWallpaperSetter"/>
      </Unit55>
      <Unit56>
        <Filename Value="os/wpsetters/Linux/wpcxfcewallpapersetter.pas"/>
        <IsPartOfProject Value="True"/>
        <UnitName Value="WpcXfceWallpaperSetter"/>
      </Unit56>
      <Unit57>
        <Filename Value="forms/wpcaboutform.pas"/>
        <IsPartOfProject Value="True"/>
        <ComponentName Value="WpcAboutForm"/>
        <HasResources Value="True"/>
        <ResourceBaseClass Value="Form"/>
        <UnitName Value="WpcAboutForm"/>
      </Unit57>
      <Unit58>
        <Filename Value="forms/wpcscripteditorform.pas"/>
        <IsPartOfProject Value="True"/>
        <ComponentName Value="ScriptEditorForm"/>
        <HasResources Value="True"/>
        <ResourceBaseClass Value="Form"/>
        <UnitName Value="WpcScriptEditorForm"/>
      </Unit58>
      <Unit59>
        <Filename Value="os/wpsetters/Linux/wpckdeplasmawallpapersetter.pas"/>
        <IsPartOfProject Value="True"/>
        <UnitName Value="WpcKdePlasmaWallpaperSetter"/>
      </Unit59>
      <Unit60>
        <Filename Value="os/wpsetters/Linux/wpclxdewallpapersetter.pas"/>
        <IsPartOfProject Value="True"/>
        <UnitName Value="WpcLxdeWallpaperSetter"/>
      </Unit60>
      <Unit61>
        <Filename Value="os/wpsetters/Linux/wpcgnomeclassicwallpapersetter.pas"/>
        <IsPartOfProject Value="True"/>
        <UnitName Value="WpcGnomeClassicWallpaperSetter"/>
      </Unit61>
      <Unit62>
        <Filename Value="os/wpsetters/Linux/wpcunitywallpapersetter.pas"/>
        <IsPartOfProject Value="True"/>
        <UnitName Value="WpcUnityWallpaperSetter"/>
      </Unit62>
      <Unit63>
        <Filename Value="os/wpsetters/Linux/wpcpantheonwallpapersetter.pas"/>
        <IsPartOfProject Value="True"/>
        <UnitName Value="WpcPantheonWallpaperSetter"/>
      </Unit63>
      <Unit64>
        <Filename Value="os/wpsetters/Linux/wpcbudgiewallpapersetter.pas"/>
        <IsPartOfProject Value="True"/>
        <UnitName Value="WpcBudgieWallpaperSetter"/>
      </Unit64>
      <Unit65>
        <Filename Value="os/wpsetters/wpcwindowswallpapersetterfactory.pas"/>
        <IsPartOfProject Value="True"/>
        <UnitName Value="WpcWindowsWallpaperSetterFactory"/>
      </Unit65>
    </Units>
  </ProjectOptions>
  <CompilerOptions>
    <Version Value="11"/>
    <Target>
      <Filename Value="WallpaperChanger"/>
    </Target>
    <SearchPaths>
      <IncludeFiles Value="$(ProjOutDir)"/>
      <OtherUnitFiles Value="forms;common;script;os;common/types;os/envdetector;common/interfaces;os/providers;os/wpsetters;script/statements;script/statements/properties;script/executor;scripteditor;scripteditor/forms;scripteditor/autocomplete;os/wpsetters/Linux"/>
      <UnitOutputDirectory Value="lib/$(TargetCPU)-$(TargetOS)"/>
    </SearchPaths>
    <Linking>
      <Options>
        <Win32>
          <GraphicApplication Value="True"/>
        </Win32>
      </Options>
    </Linking>
  </CompilerOptions>
  <Debugging>
    <Exceptions Count="3">
      <Item1>
        <Name Value="EAbort"/>
      </Item1>
      <Item2>
        <Name Value="ECodetoolError"/>
      </Item2>
      <Item3>
        <Name Value="EFOpenError"/>
      </Item3>
    </Exceptions>
  </Debugging>
</CONFIG>
